// !$*UTF8*$!
{
	archiveVersion = 1;
	classes = {
	};
	objectVersion = 55;
	objects = {

/* Begin PBXBuildFile section */
		321A25C14AEE30D898FF4714 /* Pods_DisneyPedia.framework in Frameworks */ = {isa = PBXBuildFile; fileRef = 9E0A7BC74CB169EC7142EAEF /* Pods_DisneyPedia.framework */; };
		A017276B464C73BC5AD91613 /* Pods_DisneyPedia_DisneyPediaTests.framework in Frameworks */ = {isa = PBXBuildFile; fileRef = DF849DC0696A11FA549B9636 /* Pods_DisneyPedia_DisneyPediaTests.framework */; };
		A4E3F0B3289CB95900BAF6F1 /* AppDelegate.swift in Sources */ = {isa = PBXBuildFile; fileRef = A4E3F0B2289CB95900BAF6F1 /* AppDelegate.swift */; };
		A4E3F0BC289CB95A00BAF6F1 /* Assets.xcassets in Resources */ = {isa = PBXBuildFile; fileRef = A4E3F0BB289CB95A00BAF6F1 /* Assets.xcassets */; };
		A4E3F0BF289CB95A00BAF6F1 /* LaunchScreen.storyboard in Resources */ = {isa = PBXBuildFile; fileRef = A4E3F0BD289CB95A00BAF6F1 /* LaunchScreen.storyboard */; };
		A4E3F0E9289CBF1000BAF6F1 /* Scene.swift in Sources */ = {isa = PBXBuildFile; fileRef = A4E3F0E8289CBF1000BAF6F1 /* Scene.swift */; };
		A4E3F0EB289CBF6800BAF6F1 /* SceneCoordinatorType.swift in Sources */ = {isa = PBXBuildFile; fileRef = A4E3F0EA289CBF6800BAF6F1 /* SceneCoordinatorType.swift */; };
		A4E3F0ED289CC25700BAF6F1 /* SceneTransitionType.swift in Sources */ = {isa = PBXBuildFile; fileRef = A4E3F0EC289CC25700BAF6F1 /* SceneTransitionType.swift */; };
		A4E3F0F0289CC2AC00BAF6F1 /* Scene+ViewController.swift in Sources */ = {isa = PBXBuildFile; fileRef = A4E3F0EF289CC2AC00BAF6F1 /* Scene+ViewController.swift */; };
		A4E3F0F2289CC3D500BAF6F1 /* AppConfigurator.swift in Sources */ = {isa = PBXBuildFile; fileRef = A4E3F0F1289CC3D500BAF6F1 /* AppConfigurator.swift */; };
		A4E3F0F6289CC45B00BAF6F1 /* AppConfiguratorTests.swift in Sources */ = {isa = PBXBuildFile; fileRef = A4E3F0F5289CC45B00BAF6F1 /* AppConfiguratorTests.swift */; };
/* End PBXBuildFile section */

/* Begin PBXContainerItemProxy section */
		A4E3F0C6289CB95A00BAF6F1 /* PBXContainerItemProxy */ = {
			isa = PBXContainerItemProxy;
			containerPortal = A4E3F0A7289CB95900BAF6F1 /* Project object */;
			proxyType = 1;
			remoteGlobalIDString = A4E3F0AE289CB95900BAF6F1;
			remoteInfo = DisneyPedia;
		};
/* End PBXContainerItemProxy section */

/* Begin PBXFileReference section */
		5C4B9E2510BCB1385730FB73 /* Pods-DisneyPedia.release.xcconfig */ = {isa = PBXFileReference; includeInIndex = 1; lastKnownFileType = text.xcconfig; name = "Pods-DisneyPedia.release.xcconfig"; path = "Target Support Files/Pods-DisneyPedia/Pods-DisneyPedia.release.xcconfig"; sourceTree = "<group>"; };
		6BF07B7A3E801E5BEC9D996E /* Pods-DisneyPedia.debug.xcconfig */ = {isa = PBXFileReference; includeInIndex = 1; lastKnownFileType = text.xcconfig; name = "Pods-DisneyPedia.debug.xcconfig"; path = "Target Support Files/Pods-DisneyPedia/Pods-DisneyPedia.debug.xcconfig"; sourceTree = "<group>"; };
		9E0A7BC74CB169EC7142EAEF /* Pods_DisneyPedia.framework */ = {isa = PBXFileReference; explicitFileType = wrapper.framework; includeInIndex = 0; path = Pods_DisneyPedia.framework; sourceTree = BUILT_PRODUCTS_DIR; };
		A4E3F0AF289CB95900BAF6F1 /* DisneyPedia.app */ = {isa = PBXFileReference; explicitFileType = wrapper.application; includeInIndex = 0; path = DisneyPedia.app; sourceTree = BUILT_PRODUCTS_DIR; };
		A4E3F0B2289CB95900BAF6F1 /* AppDelegate.swift */ = {isa = PBXFileReference; lastKnownFileType = sourcecode.swift; path = AppDelegate.swift; sourceTree = "<group>"; };
		A4E3F0BB289CB95A00BAF6F1 /* Assets.xcassets */ = {isa = PBXFileReference; lastKnownFileType = folder.assetcatalog; path = Assets.xcassets; sourceTree = "<group>"; };
		A4E3F0BE289CB95A00BAF6F1 /* Base */ = {isa = PBXFileReference; lastKnownFileType = file.storyboard; name = Base; path = Base.lproj/LaunchScreen.storyboard; sourceTree = "<group>"; };
		A4E3F0C0289CB95A00BAF6F1 /* Info.plist */ = {isa = PBXFileReference; lastKnownFileType = text.plist.xml; path = Info.plist; sourceTree = "<group>"; };
		A4E3F0C5289CB95A00BAF6F1 /* DisneyPediaTests.xctest */ = {isa = PBXFileReference; explicitFileType = wrapper.cfbundle; includeInIndex = 0; path = DisneyPediaTests.xctest; sourceTree = BUILT_PRODUCTS_DIR; };
		A4E3F0E8289CBF1000BAF6F1 /* Scene.swift */ = {isa = PBXFileReference; lastKnownFileType = sourcecode.swift; path = Scene.swift; sourceTree = "<group>"; };
		A4E3F0EA289CBF6800BAF6F1 /* SceneCoordinatorType.swift */ = {isa = PBXFileReference; lastKnownFileType = sourcecode.swift; path = SceneCoordinatorType.swift; sourceTree = "<group>"; };
		A4E3F0EC289CC25700BAF6F1 /* SceneTransitionType.swift */ = {isa = PBXFileReference; lastKnownFileType = sourcecode.swift; path = SceneTransitionType.swift; sourceTree = "<group>"; };
		A4E3F0EF289CC2AC00BAF6F1 /* Scene+ViewController.swift */ = {isa = PBXFileReference; lastKnownFileType = sourcecode.swift; path = "Scene+ViewController.swift"; sourceTree = "<group>"; };
		A4E3F0F1289CC3D500BAF6F1 /* AppConfigurator.swift */ = {isa = PBXFileReference; lastKnownFileType = sourcecode.swift; path = AppConfigurator.swift; sourceTree = "<group>"; };
		A4E3F0F5289CC45B00BAF6F1 /* AppConfiguratorTests.swift */ = {isa = PBXFileReference; lastKnownFileType = sourcecode.swift; path = AppConfiguratorTests.swift; sourceTree = "<group>"; };
		AE681D83B303DD801EB7ED76 /* Pods-DisneyPedia-DisneyPediaTests.release.xcconfig */ = {isa = PBXFileReference; includeInIndex = 1; lastKnownFileType = text.xcconfig; name = "Pods-DisneyPedia-DisneyPediaTests.release.xcconfig"; path = "Target Support Files/Pods-DisneyPedia-DisneyPediaTests/Pods-DisneyPedia-DisneyPediaTests.release.xcconfig"; sourceTree = "<group>"; };
		DF849DC0696A11FA549B9636 /* Pods_DisneyPedia_DisneyPediaTests.framework */ = {isa = PBXFileReference; explicitFileType = wrapper.framework; includeInIndex = 0; path = Pods_DisneyPedia_DisneyPediaTests.framework; sourceTree = BUILT_PRODUCTS_DIR; };
		EF5CE928BB966BFB847883B5 /* Pods-DisneyPedia-DisneyPediaTests.debug.xcconfig */ = {isa = PBXFileReference; includeInIndex = 1; lastKnownFileType = text.xcconfig; name = "Pods-DisneyPedia-DisneyPediaTests.debug.xcconfig"; path = "Target Support Files/Pods-DisneyPedia-DisneyPediaTests/Pods-DisneyPedia-DisneyPediaTests.debug.xcconfig"; sourceTree = "<group>"; };
/* End PBXFileReference section */

/* Begin PBXFrameworksBuildPhase section */
		A4E3F0AC289CB95900BAF6F1 /* Frameworks */ = {
			isa = PBXFrameworksBuildPhase;
			buildActionMask = 2147483647;
			files = (
				321A25C14AEE30D898FF4714 /* Pods_DisneyPedia.framework in Frameworks */,
			);
			runOnlyForDeploymentPostprocessing = 0;
		};
		A4E3F0C2289CB95A00BAF6F1 /* Frameworks */ = {
			isa = PBXFrameworksBuildPhase;
			buildActionMask = 2147483647;
			files = (
				A017276B464C73BC5AD91613 /* Pods_DisneyPedia_DisneyPediaTests.framework in Frameworks */,
			);
			runOnlyForDeploymentPostprocessing = 0;
		};
/* End PBXFrameworksBuildPhase section */

/* Begin PBXGroup section */
		2D8C4F432D47BD191C62BD38 /* Pods */ = {
			isa = PBXGroup;
			children = (
				6BF07B7A3E801E5BEC9D996E /* Pods-DisneyPedia.debug.xcconfig */,
				5C4B9E2510BCB1385730FB73 /* Pods-DisneyPedia.release.xcconfig */,
				EF5CE928BB966BFB847883B5 /* Pods-DisneyPedia-DisneyPediaTests.debug.xcconfig */,
				AE681D83B303DD801EB7ED76 /* Pods-DisneyPedia-DisneyPediaTests.release.xcconfig */,
			);
			path = Pods;
			sourceTree = "<group>";
		};
		A4E3F0A6289CB95900BAF6F1 = {
			isa = PBXGroup;
			children = (
				A4E3F0B1289CB95900BAF6F1 /* DisneyPedia */,
				A4E3F0C8289CB95A00BAF6F1 /* DisneyPediaTests */,
				A4E3F0B0289CB95900BAF6F1 /* Products */,
				2D8C4F432D47BD191C62BD38 /* Pods */,
				ED1B497D40BDD40874D5F042 /* Frameworks */,
			);
			sourceTree = "<group>";
		};
		A4E3F0B0289CB95900BAF6F1 /* Products */ = {
			isa = PBXGroup;
			children = (
				A4E3F0AF289CB95900BAF6F1 /* DisneyPedia.app */,
				A4E3F0C5289CB95A00BAF6F1 /* DisneyPediaTests.xctest */,
			);
			name = Products;
			sourceTree = "<group>";
		};
		A4E3F0B1289CB95900BAF6F1 /* DisneyPedia */ = {
			isa = PBXGroup;
			children = (
				A4E3F0EE289CC29D00BAF6F1 /* Extensions */,
				A4E3F0E7289CBF0900BAF6F1 /* Scenes */,
				A4E3F0E2289CB9ED00BAF6F1 /* SupportingFiles */,
				A4E3F0C0289CB95A00BAF6F1 /* Info.plist */,
			);
			path = DisneyPedia;
			sourceTree = "<group>";
		};
		A4E3F0C8289CB95A00BAF6F1 /* DisneyPediaTests */ = {
			isa = PBXGroup;
			children = (
				A4E3F0F3289CC42700BAF6F1 /* Cases */,
			);
			path = DisneyPediaTests;
			sourceTree = "<group>";
		};
		A4E3F0E2289CB9ED00BAF6F1 /* SupportingFiles */ = {
			isa = PBXGroup;
			children = (
				A4E3F0B2289CB95900BAF6F1 /* AppDelegate.swift */,
				A4E3F0BB289CB95A00BAF6F1 /* Assets.xcassets */,
				A4E3F0BD289CB95A00BAF6F1 /* LaunchScreen.storyboard */,
				A4E3F0F1289CC3D500BAF6F1 /* AppConfigurator.swift */,
			);
			path = SupportingFiles;
			sourceTree = "<group>";
		};
		A4E3F0E7289CBF0900BAF6F1 /* Scenes */ = {
			isa = PBXGroup;
			children = (
				A4E3F0E8289CBF1000BAF6F1 /* Scene.swift */,
				A4E3F0EA289CBF6800BAF6F1 /* SceneCoordinatorType.swift */,
				A4E3F0EC289CC25700BAF6F1 /* SceneTransitionType.swift */,
			);
			path = Scenes;
			sourceTree = "<group>";
		};
		A4E3F0EE289CC29D00BAF6F1 /* Extensions */ = {
			isa = PBXGroup;
			children = (
				A4E3F0EF289CC2AC00BAF6F1 /* Scene+ViewController.swift */,
			);
			path = Extensions;
			sourceTree = "<group>";
		};
		A4E3F0F3289CC42700BAF6F1 /* Cases */ = {
			isa = PBXGroup;
			children = (
				A4E3F0F4289CC42F00BAF6F1 /* SupportingFiles */,
			);
			path = Cases;
			sourceTree = "<group>";
		};
		A4E3F0F4289CC42F00BAF6F1 /* SupportingFiles */ = {
			isa = PBXGroup;
			children = (
				A4E3F0F5289CC45B00BAF6F1 /* AppConfiguratorTests.swift */,
			);
			path = SupportingFiles;
			sourceTree = "<group>";
		};
		ED1B497D40BDD40874D5F042 /* Frameworks */ = {
			isa = PBXGroup;
			children = (
				9E0A7BC74CB169EC7142EAEF /* Pods_DisneyPedia.framework */,
				DF849DC0696A11FA549B9636 /* Pods_DisneyPedia_DisneyPediaTests.framework */,
			);
			name = Frameworks;
			sourceTree = "<group>";
		};
/* End PBXGroup section */

/* Begin PBXNativeTarget section */
		A4E3F0AE289CB95900BAF6F1 /* DisneyPedia */ = {
			isa = PBXNativeTarget;
			buildConfigurationList = A4E3F0D9289CB95A00BAF6F1 /* Build configuration list for PBXNativeTarget "DisneyPedia" */;
			buildPhases = (
				F5FDB448AF6ADD3623B0ADE4 /* [CP] Check Pods Manifest.lock */,
				A4E3F0AB289CB95900BAF6F1 /* Sources */,
				A4E3F0AC289CB95900BAF6F1 /* Frameworks */,
				A4E3F0AD289CB95900BAF6F1 /* Resources */,
				DAC06347C9EE56085ADFE761 /* [CP] Embed Pods Frameworks */,
			);
			buildRules = (
			);
			dependencies = (
			);
			name = DisneyPedia;
			productName = DisneyPedia;
			productReference = A4E3F0AF289CB95900BAF6F1 /* DisneyPedia.app */;
			productType = "com.apple.product-type.application";
		};
		A4E3F0C4289CB95A00BAF6F1 /* DisneyPediaTests */ = {
			isa = PBXNativeTarget;
			buildConfigurationList = A4E3F0DC289CB95A00BAF6F1 /* Build configuration list for PBXNativeTarget "DisneyPediaTests" */;
			buildPhases = (
				53264CF8061D0CCE4D623E37 /* [CP] Check Pods Manifest.lock */,
				A4E3F0C1289CB95A00BAF6F1 /* Sources */,
				A4E3F0C2289CB95A00BAF6F1 /* Frameworks */,
				A4E3F0C3289CB95A00BAF6F1 /* Resources */,
				04B5DC8A0F49C26A9BD10DA7 /* [CP] Embed Pods Frameworks */,
			);
			buildRules = (
			);
			dependencies = (
				A4E3F0C7289CB95A00BAF6F1 /* PBXTargetDependency */,
			);
			name = DisneyPediaTests;
			productName = DisneyPediaTests;
			productReference = A4E3F0C5289CB95A00BAF6F1 /* DisneyPediaTests.xctest */;
			productType = "com.apple.product-type.bundle.unit-test";
		};
/* End PBXNativeTarget section */

/* Begin PBXProject section */
		A4E3F0A7289CB95900BAF6F1 /* Project object */ = {
			isa = PBXProject;
			attributes = {
				BuildIndependentTargetsInParallel = 1;
				LastSwiftUpdateCheck = 1340;
				LastUpgradeCheck = 1340;
				TargetAttributes = {
					A4E3F0AE289CB95900BAF6F1 = {
						CreatedOnToolsVersion = 13.4.1;
					};
					A4E3F0C4289CB95A00BAF6F1 = {
						CreatedOnToolsVersion = 13.4.1;
						LastSwiftMigration = 1340;
						TestTargetID = A4E3F0AE289CB95900BAF6F1;
					};
				};
			};
			buildConfigurationList = A4E3F0AA289CB95900BAF6F1 /* Build configuration list for PBXProject "DisneyPedia" */;
			compatibilityVersion = "Xcode 13.0";
			developmentRegion = en;
			hasScannedForEncodings = 0;
			knownRegions = (
				en,
				Base,
			);
			mainGroup = A4E3F0A6289CB95900BAF6F1;
			productRefGroup = A4E3F0B0289CB95900BAF6F1 /* Products */;
			projectDirPath = "";
			projectRoot = "";
			targets = (
				A4E3F0AE289CB95900BAF6F1 /* DisneyPedia */,
				A4E3F0C4289CB95A00BAF6F1 /* DisneyPediaTests */,
			);
		};
/* End PBXProject section */

/* Begin PBXResourcesBuildPhase section */
		A4E3F0AD289CB95900BAF6F1 /* Resources */ = {
			isa = PBXResourcesBuildPhase;
			buildActionMask = 2147483647;
			files = (
				A4E3F0BF289CB95A00BAF6F1 /* LaunchScreen.storyboard in Resources */,
				A4E3F0BC289CB95A00BAF6F1 /* Assets.xcassets in Resources */,
			);
			runOnlyForDeploymentPostprocessing = 0;
		};
		A4E3F0C3289CB95A00BAF6F1 /* Resources */ = {
			isa = PBXResourcesBuildPhase;
			buildActionMask = 2147483647;
			files = (
			);
			runOnlyForDeploymentPostprocessing = 0;
		};
/* End PBXResourcesBuildPhase section */

/* Begin PBXShellScriptBuildPhase section */
		04B5DC8A0F49C26A9BD10DA7 /* [CP] Embed Pods Frameworks */ = {
			isa = PBXShellScriptBuildPhase;
			buildActionMask = 2147483647;
			files = (
			);
			inputFileListPaths = (
				"${PODS_ROOT}/Target Support Files/Pods-DisneyPedia-DisneyPediaTests/Pods-DisneyPedia-DisneyPediaTests-frameworks-${CONFIGURATION}-input-files.xcfilelist",
			);
			name = "[CP] Embed Pods Frameworks";
			outputFileListPaths = (
				"${PODS_ROOT}/Target Support Files/Pods-DisneyPedia-DisneyPediaTests/Pods-DisneyPedia-DisneyPediaTests-frameworks-${CONFIGURATION}-output-files.xcfilelist",
			);
			runOnlyForDeploymentPostprocessing = 0;
			shellPath = /bin/sh;
			shellScript = "\"${PODS_ROOT}/Target Support Files/Pods-DisneyPedia-DisneyPediaTests/Pods-DisneyPedia-DisneyPediaTests-frameworks.sh\"\n";
			showEnvVarsInLog = 0;
		};
		53264CF8061D0CCE4D623E37 /* [CP] Check Pods Manifest.lock */ = {
			isa = PBXShellScriptBuildPhase;
			buildActionMask = 2147483647;
			files = (
			);
			inputFileListPaths = (
			);
			inputPaths = (
				"${PODS_PODFILE_DIR_PATH}/Podfile.lock",
				"${PODS_ROOT}/Manifest.lock",
			);
			name = "[CP] Check Pods Manifest.lock";
			outputFileListPaths = (
			);
			outputPaths = (
				"$(DERIVED_FILE_DIR)/Pods-DisneyPedia-DisneyPediaTests-checkManifestLockResult.txt",
			);
			runOnlyForDeploymentPostprocessing = 0;
			shellPath = /bin/sh;
			shellScript = "diff \"${PODS_PODFILE_DIR_PATH}/Podfile.lock\" \"${PODS_ROOT}/Manifest.lock\" > /dev/null\nif [ $? != 0 ] ; then\n    # print error to STDERR\n    echo \"error: The sandbox is not in sync with the Podfile.lock. Run 'pod install' or update your CocoaPods installation.\" >&2\n    exit 1\nfi\n# This output is used by Xcode 'outputs' to avoid re-running this script phase.\necho \"SUCCESS\" > \"${SCRIPT_OUTPUT_FILE_0}\"\n";
			showEnvVarsInLog = 0;
		};
		DAC06347C9EE56085ADFE761 /* [CP] Embed Pods Frameworks */ = {
			isa = PBXShellScriptBuildPhase;
			buildActionMask = 2147483647;
			files = (
			);
			inputFileListPaths = (
				"${PODS_ROOT}/Target Support Files/Pods-DisneyPedia/Pods-DisneyPedia-frameworks-${CONFIGURATION}-input-files.xcfilelist",
			);
			name = "[CP] Embed Pods Frameworks";
			outputFileListPaths = (
				"${PODS_ROOT}/Target Support Files/Pods-DisneyPedia/Pods-DisneyPedia-frameworks-${CONFIGURATION}-output-files.xcfilelist",
			);
			runOnlyForDeploymentPostprocessing = 0;
			shellPath = /bin/sh;
			shellScript = "\"${PODS_ROOT}/Target Support Files/Pods-DisneyPedia/Pods-DisneyPedia-frameworks.sh\"\n";
			showEnvVarsInLog = 0;
		};
		F5FDB448AF6ADD3623B0ADE4 /* [CP] Check Pods Manifest.lock */ = {
			isa = PBXShellScriptBuildPhase;
			buildActionMask = 2147483647;
			files = (
			);
			inputFileListPaths = (
			);
			inputPaths = (
				"${PODS_PODFILE_DIR_PATH}/Podfile.lock",
				"${PODS_ROOT}/Manifest.lock",
			);
			name = "[CP] Check Pods Manifest.lock";
			outputFileListPaths = (
			);
			outputPaths = (
				"$(DERIVED_FILE_DIR)/Pods-DisneyPedia-checkManifestLockResult.txt",
			);
			runOnlyForDeploymentPostprocessing = 0;
			shellPath = /bin/sh;
			shellScript = "diff \"${PODS_PODFILE_DIR_PATH}/Podfile.lock\" \"${PODS_ROOT}/Manifest.lock\" > /dev/null\nif [ $? != 0 ] ; then\n    # print error to STDERR\n    echo \"error: The sandbox is not in sync with the Podfile.lock. Run 'pod install' or update your CocoaPods installation.\" >&2\n    exit 1\nfi\n# This output is used by Xcode 'outputs' to avoid re-running this script phase.\necho \"SUCCESS\" > \"${SCRIPT_OUTPUT_FILE_0}\"\n";
			showEnvVarsInLog = 0;
		};
/* End PBXShellScriptBuildPhase section */

/* Begin PBXSourcesBuildPhase section */
		A4E3F0AB289CB95900BAF6F1 /* Sources */ = {
			isa = PBXSourcesBuildPhase;
			buildActionMask = 2147483647;
			files = (
				A4E3F0E9289CBF1000BAF6F1 /* Scene.swift in Sources */,
				A4E3F0B3289CB95900BAF6F1 /* AppDelegate.swift in Sources */,
				A4E3F0F2289CC3D500BAF6F1 /* AppConfigurator.swift in Sources */,
				A4E3F0F0289CC2AC00BAF6F1 /* Scene+ViewController.swift in Sources */,
				A4E3F0EB289CBF6800BAF6F1 /* SceneCoordinatorType.swift in Sources */,
				A4E3F0ED289CC25700BAF6F1 /* SceneTransitionType.swift in Sources */,
			);
			runOnlyForDeploymentPostprocessing = 0;
		};
		A4E3F0C1289CB95A00BAF6F1 /* Sources */ = {
			isa = PBXSourcesBuildPhase;
			buildActionMask = 2147483647;
			files = (
				A4E3F0F6289CC45B00BAF6F1 /* AppConfiguratorTests.swift in Sources */,
			);
			runOnlyForDeploymentPostprocessing = 0;
		};
/* End PBXSourcesBuildPhase section */

/* Begin PBXTargetDependency section */
		A4E3F0C7289CB95A00BAF6F1 /* PBXTargetDependency */ = {
			isa = PBXTargetDependency;
			target = A4E3F0AE289CB95900BAF6F1 /* DisneyPedia */;
			targetProxy = A4E3F0C6289CB95A00BAF6F1 /* PBXContainerItemProxy */;
		};
/* End PBXTargetDependency section */

/* Begin PBXVariantGroup section */
		A4E3F0BD289CB95A00BAF6F1 /* LaunchScreen.storyboard */ = {
			isa = PBXVariantGroup;
			children = (
				A4E3F0BE289CB95A00BAF6F1 /* Base */,
			);
			name = LaunchScreen.storyboard;
			sourceTree = "<group>";
		};
/* End PBXVariantGroup section */

/* Begin XCBuildConfiguration section */
		A4E3F0D7289CB95A00BAF6F1 /* Debug */ = {
			isa = XCBuildConfiguration;
			buildSettings = {
				ALWAYS_SEARCH_USER_PATHS = NO;
				CLANG_ANALYZER_NONNULL = YES;
				CLANG_ANALYZER_NUMBER_OBJECT_CONVERSION = YES_AGGRESSIVE;
				CLANG_CXX_LANGUAGE_STANDARD = "gnu++17";
				CLANG_ENABLE_MODULES = YES;
				CLANG_ENABLE_OBJC_ARC = YES;
				CLANG_ENABLE_OBJC_WEAK = YES;
				CLANG_WARN_BLOCK_CAPTURE_AUTORELEASING = YES;
				CLANG_WARN_BOOL_CONVERSION = YES;
				CLANG_WARN_COMMA = YES;
				CLANG_WARN_CONSTANT_CONVERSION = YES;
				CLANG_WARN_DEPRECATED_OBJC_IMPLEMENTATIONS = YES;
				CLANG_WARN_DIRECT_OBJC_ISA_USAGE = YES_ERROR;
				CLANG_WARN_DOCUMENTATION_COMMENTS = YES;
				CLANG_WARN_EMPTY_BODY = YES;
				CLANG_WARN_ENUM_CONVERSION = YES;
				CLANG_WARN_INFINITE_RECURSION = YES;
				CLANG_WARN_INT_CONVERSION = YES;
				CLANG_WARN_NON_LITERAL_NULL_CONVERSION = YES;
				CLANG_WARN_OBJC_IMPLICIT_RETAIN_SELF = YES;
				CLANG_WARN_OBJC_LITERAL_CONVERSION = YES;
				CLANG_WARN_OBJC_ROOT_CLASS = YES_ERROR;
				CLANG_WARN_QUOTED_INCLUDE_IN_FRAMEWORK_HEADER = YES;
				CLANG_WARN_RANGE_LOOP_ANALYSIS = YES;
				CLANG_WARN_STRICT_PROTOTYPES = YES;
				CLANG_WARN_SUSPICIOUS_MOVE = YES;
				CLANG_WARN_UNGUARDED_AVAILABILITY = YES_AGGRESSIVE;
				CLANG_WARN_UNREACHABLE_CODE = YES;
				CLANG_WARN__DUPLICATE_METHOD_MATCH = YES;
				COPY_PHASE_STRIP = NO;
				DEBUG_INFORMATION_FORMAT = dwarf;
				ENABLE_STRICT_OBJC_MSGSEND = YES;
				ENABLE_TESTABILITY = YES;
				GCC_C_LANGUAGE_STANDARD = gnu11;
				GCC_DYNAMIC_NO_PIC = NO;
				GCC_NO_COMMON_BLOCKS = YES;
				GCC_OPTIMIZATION_LEVEL = 0;
				GCC_PREPROCESSOR_DEFINITIONS = (
					"DEBUG=1",
					"$(inherited)",
				);
				GCC_WARN_64_TO_32_BIT_CONVERSION = YES;
				GCC_WARN_ABOUT_RETURN_TYPE = YES_ERROR;
				GCC_WARN_UNDECLARED_SELECTOR = YES;
				GCC_WARN_UNINITIALIZED_AUTOS = YES_AGGRESSIVE;
				GCC_WARN_UNUSED_FUNCTION = YES;
				GCC_WARN_UNUSED_VARIABLE = YES;
				IPHONEOS_DEPLOYMENT_TARGET = 13.0;
				MTL_ENABLE_DEBUG_INFO = INCLUDE_SOURCE;
				MTL_FAST_MATH = YES;
				ONLY_ACTIVE_ARCH = YES;
				SDKROOT = iphoneos;
				SWIFT_ACTIVE_COMPILATION_CONDITIONS = DEBUG;
				SWIFT_OPTIMIZATION_LEVEL = "-Onone";
			};
			name = Debug;
		};
		A4E3F0D8289CB95A00BAF6F1 /* Release */ = {
			isa = XCBuildConfiguration;
			buildSettings = {
				ALWAYS_SEARCH_USER_PATHS = NO;
				CLANG_ANALYZER_NONNULL = YES;
				CLANG_ANALYZER_NUMBER_OBJECT_CONVERSION = YES_AGGRESSIVE;
				CLANG_CXX_LANGUAGE_STANDARD = "gnu++17";
				CLANG_ENABLE_MODULES = YES;
				CLANG_ENABLE_OBJC_ARC = YES;
				CLANG_ENABLE_OBJC_WEAK = YES;
				CLANG_WARN_BLOCK_CAPTURE_AUTORELEASING = YES;
				CLANG_WARN_BOOL_CONVERSION = YES;
				CLANG_WARN_COMMA = YES;
				CLANG_WARN_CONSTANT_CONVERSION = YES;
				CLANG_WARN_DEPRECATED_OBJC_IMPLEMENTATIONS = YES;
				CLANG_WARN_DIRECT_OBJC_ISA_USAGE = YES_ERROR;
				CLANG_WARN_DOCUMENTATION_COMMENTS = YES;
				CLANG_WARN_EMPTY_BODY = YES;
				CLANG_WARN_ENUM_CONVERSION = YES;
				CLANG_WARN_INFINITE_RECURSION = YES;
				CLANG_WARN_INT_CONVERSION = YES;
				CLANG_WARN_NON_LITERAL_NULL_CONVERSION = YES;
				CLANG_WARN_OBJC_IMPLICIT_RETAIN_SELF = YES;
				CLANG_WARN_OBJC_LITERAL_CONVERSION = YES;
				CLANG_WARN_OBJC_ROOT_CLASS = YES_ERROR;
				CLANG_WARN_QUOTED_INCLUDE_IN_FRAMEWORK_HEADER = YES;
				CLANG_WARN_RANGE_LOOP_ANALYSIS = YES;
				CLANG_WARN_STRICT_PROTOTYPES = YES;
				CLANG_WARN_SUSPICIOUS_MOVE = YES;
				CLANG_WARN_UNGUARDED_AVAILABILITY = YES_AGGRESSIVE;
				CLANG_WARN_UNREACHABLE_CODE = YES;
				CLANG_WARN__DUPLICATE_METHOD_MATCH = YES;
				COPY_PHASE_STRIP = NO;
				DEBUG_INFORMATION_FORMAT = "dwarf-with-dsym";
				ENABLE_NS_ASSERTIONS = NO;
				ENABLE_STRICT_OBJC_MSGSEND = YES;
				GCC_C_LANGUAGE_STANDARD = gnu11;
				GCC_NO_COMMON_BLOCKS = YES;
				GCC_WARN_64_TO_32_BIT_CONVERSION = YES;
				GCC_WARN_ABOUT_RETURN_TYPE = YES_ERROR;
				GCC_WARN_UNDECLARED_SELECTOR = YES;
				GCC_WARN_UNINITIALIZED_AUTOS = YES_AGGRESSIVE;
				GCC_WARN_UNUSED_FUNCTION = YES;
				GCC_WARN_UNUSED_VARIABLE = YES;
				IPHONEOS_DEPLOYMENT_TARGET = 13.0;
				MTL_ENABLE_DEBUG_INFO = NO;
				MTL_FAST_MATH = YES;
				SDKROOT = iphoneos;
				SWIFT_COMPILATION_MODE = wholemodule;
				SWIFT_OPTIMIZATION_LEVEL = "-O";
				VALIDATE_PRODUCT = YES;
			};
			name = Release;
		};
		A4E3F0DA289CB95A00BAF6F1 /* Debug */ = {
			isa = XCBuildConfiguration;
			baseConfigurationReference = 6BF07B7A3E801E5BEC9D996E /* Pods-DisneyPedia.debug.xcconfig */;
			buildSettings = {
				ASSETCATALOG_COMPILER_APPICON_NAME = AppIcon;
				ASSETCATALOG_COMPILER_GLOBAL_ACCENT_COLOR_NAME = AccentColor;
				CODE_SIGN_STYLE = Automatic;
				CURRENT_PROJECT_VERSION = 1;
				DEVELOPMENT_TEAM = 5P4JJDT7CR;
				GENERATE_INFOPLIST_FILE = YES;
				INFOPLIST_FILE = DisneyPedia/Info.plist;
				INFOPLIST_KEY_UIApplicationSupportsIndirectInputEvents = YES;
				INFOPLIST_KEY_UILaunchStoryboardName = LaunchScreen;
				INFOPLIST_KEY_UISupportedInterfaceOrientations = UIInterfaceOrientationPortrait;
				INFOPLIST_KEY_UISupportedInterfaceOrientations_iPad = "UIInterfaceOrientationPortrait UIInterfaceOrientationPortraitUpsideDown UIInterfaceOrientationLandscapeLeft UIInterfaceOrientationLandscapeRight";
				INFOPLIST_KEY_UISupportedInterfaceOrientations_iPhone = "UIInterfaceOrientationPortrait UIInterfaceOrientationLandscapeLeft UIInterfaceOrientationLandscapeRight";
				IPHONEOS_DEPLOYMENT_TARGET = 13.0;
				LD_RUNPATH_SEARCH_PATHS = (
					"$(inherited)",
					"@executable_path/Frameworks",
				);
				MARKETING_VERSION = 1.0;
				PRODUCT_BUNDLE_IDENTIFIER = com.urielh.DisneyPedia;
				PRODUCT_NAME = "$(TARGET_NAME)";
				SWIFT_EMIT_LOC_STRINGS = YES;
				SWIFT_VERSION = 5.0;
				TARGETED_DEVICE_FAMILY = 1;
			};
			name = Debug;
		};
		A4E3F0DB289CB95A00BAF6F1 /* Release */ = {
			isa = XCBuildConfiguration;
			baseConfigurationReference = 5C4B9E2510BCB1385730FB73 /* Pods-DisneyPedia.release.xcconfig */;
			buildSettings = {
				ASSETCATALOG_COMPILER_APPICON_NAME = AppIcon;
				ASSETCATALOG_COMPILER_GLOBAL_ACCENT_COLOR_NAME = AccentColor;
				CODE_SIGN_STYLE = Automatic;
				CURRENT_PROJECT_VERSION = 1;
				DEVELOPMENT_TEAM = 5P4JJDT7CR;
				GENERATE_INFOPLIST_FILE = YES;
				INFOPLIST_FILE = DisneyPedia/Info.plist;
				INFOPLIST_KEY_UIApplicationSupportsIndirectInputEvents = YES;
				INFOPLIST_KEY_UILaunchStoryboardName = LaunchScreen;
				INFOPLIST_KEY_UISupportedInterfaceOrientations = UIInterfaceOrientationPortrait;
				INFOPLIST_KEY_UISupportedInterfaceOrientations_iPad = "UIInterfaceOrientationPortrait UIInterfaceOrientationPortraitUpsideDown UIInterfaceOrientationLandscapeLeft UIInterfaceOrientationLandscapeRight";
				INFOPLIST_KEY_UISupportedInterfaceOrientations_iPhone = "UIInterfaceOrientationPortrait UIInterfaceOrientationLandscapeLeft UIInterfaceOrientationLandscapeRight";
				IPHONEOS_DEPLOYMENT_TARGET = 13.0;
				LD_RUNPATH_SEARCH_PATHS = (
					"$(inherited)",
					"@executable_path/Frameworks",
				);
				MARKETING_VERSION = 1.0;
				PRODUCT_BUNDLE_IDENTIFIER = com.urielh.DisneyPedia;
				PRODUCT_NAME = "$(TARGET_NAME)";
				SWIFT_EMIT_LOC_STRINGS = YES;
				SWIFT_VERSION = 5.0;
				TARGETED_DEVICE_FAMILY = 1;
			};
			name = Release;
		};
		A4E3F0DD289CB95A00BAF6F1 /* Debug */ = {
			isa = XCBuildConfiguration;
			baseConfigurationReference = EF5CE928BB966BFB847883B5 /* Pods-DisneyPedia-DisneyPediaTests.debug.xcconfig */;
			buildSettings = {
				ALWAYS_EMBED_SWIFT_STANDARD_LIBRARIES = YES;
				BUNDLE_LOADER = "$(TEST_HOST)";
				CLANG_ENABLE_MODULES = YES;
				CODE_SIGN_STYLE = Automatic;
				CURRENT_PROJECT_VERSION = 1;
				DEVELOPMENT_TEAM = 5P4JJDT7CR;
				GENERATE_INFOPLIST_FILE = YES;
				IPHONEOS_DEPLOYMENT_TARGET = 15.5;
				LD_RUNPATH_SEARCH_PATHS = (
					"$(inherited)",
					"@executable_path/Frameworks",
					"@loader_path/Frameworks",
				);
				MARKETING_VERSION = 1.0;
				PRODUCT_BUNDLE_IDENTIFIER = com.urielh.DisneyPediaTests;
				PRODUCT_NAME = "$(TARGET_NAME)";
				SWIFT_EMIT_LOC_STRINGS = NO;
				SWIFT_OPTIMIZATION_LEVEL = "-Onone";
				SWIFT_VERSION = 5.0;
				TARGETED_DEVICE_FAMILY = "1,2";
				TEST_HOST = "$(BUILT_PRODUCTS_DIR)/DisneyPedia.app/DisneyPedia";
			};
			name = Debug;
		};
		A4E3F0DE289CB95A00BAF6F1 /* Release */ = {
			isa = XCBuildConfiguration;
			baseConfigurationReference = AE681D83B303DD801EB7ED76 /* Pods-DisneyPedia-DisneyPediaTests.release.xcconfig */;
			buildSettings = {
				ALWAYS_EMBED_SWIFT_STANDARD_LIBRARIES = YES;
				BUNDLE_LOADER = "$(TEST_HOST)";
				CLANG_ENABLE_MODULES = YES;
				CODE_SIGN_STYLE = Automatic;
				CURRENT_PROJECT_VERSION = 1;
				DEVELOPMENT_TEAM = 5P4JJDT7CR;
				GENERATE_INFOPLIST_FILE = YES;
				IPHONEOS_DEPLOYMENT_TARGET = 15.5;
				LD_RUNPATH_SEARCH_PATHS = (
					"$(inherited)",
					"@executable_path/Frameworks",
					"@loader_path/Frameworks",
				);
				MARKETING_VERSION = 1.0;
				PRODUCT_BUNDLE_IDENTIFIER = com.urielh.DisneyPediaTests;
				PRODUCT_NAME = "$(TARGET_NAME)";
				SWIFT_EMIT_LOC_STRINGS = NO;
				SWIFT_VERSION = 5.0;
				TARGETED_DEVICE_FAMILY = "1,2";
				TEST_HOST = "$(BUILT_PRODUCTS_DIR)/DisneyPedia.app/DisneyPedia";
			};
			name = Release;
		};
/* End XCBuildConfiguration section */

/* Begin XCConfigurationList section */
		A4E3F0AA289CB95900BAF6F1 /* Build configuration list for PBXProject "DisneyPedia" */ = {
			isa = XCConfigurationList;
			buildConfigurations = (
				A4E3F0D7289CB95A00BAF6F1 /* Debug */,
				A4E3F0D8289CB95A00BAF6F1 /* Release */,
			);
			defaultConfigurationIsVisible = 0;
			defaultConfigurationName = Release;
		};
		A4E3F0D9289CB95A00BAF6F1 /* Build configuration list for PBXNativeTarget "DisneyPedia" */ = {
			isa = XCConfigurationList;
			buildConfigurations = (
				A4E3F0DA289CB95A00BAF6F1 /* Debug */,
				A4E3F0DB289CB95A00BAF6F1 /* Release */,
			);
			defaultConfigurationIsVisible = 0;
			defaultConfigurationName = Release;
		};
		A4E3F0DC289CB95A00BAF6F1 /* Build configuration list for PBXNativeTarget "DisneyPediaTests" */ = {
			isa = XCConfigurationList;
			buildConfigurations = (
				A4E3F0DD289CB95A00BAF6F1 /* Debug */,
				A4E3F0DE289CB95A00BAF6F1 /* Release */,
			);
			defaultConfigurationIsVisible = 0;
			defaultConfigurationName = Release;
		};
/* End XCConfigurationList section */
	};
	rootObject = A4E3F0A7289CB95900BAF6F1 /* Project object */;
}
